
Microsoft Visual Studio Solution File, Format Version 12.00
# Visual Studio Version 16
VisualStudioVersion = 16.0.33801.447
MinimumVisualStudioVersion = 10.0.40219.1
Project("{151D2E53-A2C4-4D7D-83FE-D05416EBD58E}") = "deploymultiple dev db", "deploymultiple db\deploymultiple dev db.deployproj", "{BAB9CABB-7F82-4032-9DA9-9273E590C561}"
EndProject
Global
	GlobalSection(SolutionConfigurationPlatforms) = preSolution
		Debug|Any CPU = Debug|Any CPU
		Release|Any CPU = Release|Any CPU
	EndGlobalSection
	GlobalSection(ProjectConfigurationPlatforms) = postSolution
		{BAB9CABB-7F82-4032-9DA9-9273E590C561}.Debug|Any CPU.ActiveCfg = Debug|Any CPU
		{BAB9CABB-7F82-4032-9DA9-9273E590C561}.Debug|Any CPU.Build.0 = Debug|Any CPU
		{BAB9CABB-7F82-4032-9DA9-9273E590C561}.Release|Any CPU.ActiveCfg = Release|Any CPU
		{BAB9CABB-7F82-4032-9DA9-9273E590C561}.Release|Any CPU.Build.0 = Release|Any CPU
	EndGlobalSection
	GlobalSection(SolutionProperties) = preSolution
		HideSolutionNode = FALSE
	EndGlobalSection
	GlobalSection(ExtensibilityGlobals) = postSolution
		SolutionGuid = {90661F35-A429-400B-B674-5F2997C70A92}
	EndGlobalSection
EndGlobal
